{
  "originHash" : "af4957cb4d7275e42edd56ba04e75a4c61b134d6e3cdcb9f2caf0d1f8503eaf9",
  "pins" : [
    {
      "identity" : "swift-bigint",
      "kind" : "remoteSourceControl",
      "location" : "https://github.com/mkrd/Swift-BigInt.git",
      "state" : {
        "branch" : "master",
        "revision" : "d09d98b6819e2860160d4f0a909ce7f4925d8926"
      }
    },
    {
      "identity" : "swift-collections",
      "kind" : "remoteSourceControl",
      "location" : "https://github.com/apple/swift-collections.git",
      "state" : {
        "revision" : "671108c96644956dddcd89dd59c203dcdb36cec7",
        "version" : "1.1.4"
      }
    },
    {
      "identity" : "swiftformat",
      "kind" : "remoteSourceControl",
      "location" : "https://github.com/nicklockwood/SwiftFormat",
      "state" : {
        "revision" : "cac06079ce883170ab44cb021faad298daeec2a5",
        "version" : "0.52.10"
      }
    },
    {
      "identity" : "swiftmicropng",
      "kind" : "remoteSourceControl",
      "location" : "https://github.com/rbruinier/SwiftMicroPNG",
      "state" : {
        "branch" : "main",
        "revision" : "0a69ce9f10b8aeb3ec67abf26e7f292c40fc3ffe"
      }
    }
  ],
  "version" : 3
}
