{
  "object": {
    "pins": [
      {
        "package": "BigNumber",
        "repositoryURL": "https://github.com/mkrd/Swift-BigInt.git",
        "state": {
          "branch": "master",
          "revision": "fc3c489c8ca3f0c4638f53b813ffcf3240b1327d",
          "version": null
        }
      },
      {
        "package": "swift-collections",
        "repositoryURL": "https://github.com/apple/swift-collections.git",
        "state": {
          "branch": null,
          "revision": "48254824bb4248676bf7ce56014ff57b142b77eb",
          "version": "1.0.2"
        }
      },
      {
        "package": "SwiftFormat",
        "repositoryURL": "https://github.com/nicklockwood/SwiftFormat",
        "state": {
          "branch": null,
          "revision": "cac06079ce883170ab44cb021faad298daeec2a5",
          "version": "0.52.10"
        }
      },
      {
        "package": "MicroPNG",
        "repositoryURL": "https://github.com/rbruinier/SwiftMicroPNG",
        "state": {
          "branch": "main",
          "revision": "0a69ce9f10b8aeb3ec67abf26e7f292c40fc3ffe",
          "version": null
        }
      }
    ]
  },
  "version": 1
}
